{
    "name": "dila03-test",
    "version": "1.0.0",
    "lockfileVersion": 2,
    "requires": true,
    "packages": {
        "": {
            "name": "dila03-test",
            "version": "1.0.0",
            "license": "ISC",
            "dependencies": {
                "dila03": "^0.1.0"
            }
        },
        "../dila03": {
            "version": "0.1.0",
            "extraneous": true,
            "license": "ISC",
            "dependencies": {
                "camelize": "^1.0.1"
            },
            "devDependencies": {
                "@types/node": "^18.11.18",
                "typescript": "^4.9.4",
                "vite": "^4.0.4",
                "vite-plugin-dts": "^1.7.1"
            }
        },
        "node_modules/camelize": {
            "version": "1.0.1",
            "resolved": "https://registry.npmjs.org/camelize/-/camelize-1.0.1.tgz",
            "integrity": "sha512-dU+Tx2fsypxTgtLoE36npi3UqcjSSMNYfkqgmoEhtZrraP5VWq0K7FkWVTYa8eMPtnU/G2txVsfdCJTn9uzpuQ==",
            "funding": {
                "url": "https://github.com/sponsors/ljharb"
            }
        },
        "node_modules/dila03": {
            "version": "0.1.0",
            "resolved": "https://registry.npmjs.org/dila03/-/dila03-0.1.0.tgz",
            "integrity": "sha512-XF18f/COIhfioQ2K4y3ndAxac0K0Knc1Fe8J7uyC+Tjo0MLauN6+VAflmFoMknxDlJmalMuR+YEUq460lbTVog==",
            "dependencies": {
                "camelize": "^1.0.1"
            }
        }
    },
    "dependencies": {
        "camelize": {
            "version": "1.0.1",
            "resolved": "https://registry.npmjs.org/camelize/-/camelize-1.0.1.tgz",
            "integrity": "sha512-dU+Tx2fsypxTgtLoE36npi3UqcjSSMNYfkqgmoEhtZrraP5VWq0K7FkWVTYa8eMPtnU/G2txVsfdCJTn9uzpuQ=="
        },
        "dila03": {
            "version": "0.1.0",
            "resolved": "https://registry.npmjs.org/dila03/-/dila03-0.1.0.tgz",
            "integrity": "sha512-XF18f/COIhfioQ2K4y3ndAxac0K0Knc1Fe8J7uyC+Tjo0MLauN6+VAflmFoMknxDlJmalMuR+YEUq460lbTVog==",
            "requires": {
                "camelize": "^1.0.1"
            }
        }
    }
}
