{
    "name": "dila03-test",
    "version": "1.0.0",
    "lockfileVersion": 2,
    "requires": true,
    "packages": {
        "": {
            "name": "dila03-test",
            "version": "1.0.0",
            "license": "ISC",
            "dependencies": {
                "dila03": "^0.1.3"
            }
        },
        "node_modules/camelize": {
            "version": "1.0.1",
            "resolved": "https://registry.npmjs.org/camelize/-/camelize-1.0.1.tgz",
            "integrity": "sha512-dU+Tx2fsypxTgtLoE36npi3UqcjSSMNYfkqgmoEhtZrraP5VWq0K7FkWVTYa8eMPtnU/G2txVsfdCJTn9uzpuQ==",
            "funding": {
                "url": "https://github.com/sponsors/ljharb"
            }
        },
        "node_modules/dila03": {
            "version": "0.1.3",
            "resolved": "https://registry.npmjs.org/dila03/-/dila03-0.1.3.tgz",
            "integrity": "sha512-B5Ik3o6nB/yVjoqNxUvEa8EQAiJ/e/wlGAjXOB2QQa1IX1r41gACy06ZH7qZk8tjD+MWdReVL/RE4z8SG2x8aw==",
            "dependencies": {
                "camelize": "^1.0.1"
            }
        }
    },
    "dependencies": {
        "camelize": {
            "version": "1.0.1",
            "resolved": "https://registry.npmjs.org/camelize/-/camelize-1.0.1.tgz",
            "integrity": "sha512-dU+Tx2fsypxTgtLoE36npi3UqcjSSMNYfkqgmoEhtZrraP5VWq0K7FkWVTYa8eMPtnU/G2txVsfdCJTn9uzpuQ=="
        },
        "dila03": {
            "version": "0.1.3",
            "resolved": "https://registry.npmjs.org/dila03/-/dila03-0.1.3.tgz",
            "integrity": "sha512-B5Ik3o6nB/yVjoqNxUvEa8EQAiJ/e/wlGAjXOB2QQa1IX1r41gACy06ZH7qZk8tjD+MWdReVL/RE4z8SG2x8aw==",
            "requires": {
                "camelize": "^1.0.1"
            }
        }
    }
}
